
Microsoft Visual Studio Solution File, Format Version 12.00
# Visual Studio 15
VisualStudioVersion = 15.0.28307.1169
MinimumVisualStudioVersion = 10.0.40219.1
Project("{FAE04EC0-301F-11D3-BF4B-00C04F79EFBC}") = "ClassLibrary1", "ClassLibrary1\ClassLibrary1.csproj", "{59CB5DDF-5428-4AF8-AA3F-0F5B2A0E95D9}"
EndProject
Global
	GlobalSection(SolutionConfigurationPlatforms) = preSolution
		Debug|Any CPU = Debug|Any CPU
		Release|Any CPU = Release|Any CPU
	EndGlobalSection
	GlobalSection(ProjectConfigurationPlatforms) = postSolution
		{59CB5DDF-5428-4AF8-AA3F-0F5B2A0E95D9}.Debug|Any CPU.ActiveCfg = Debug|Any CPU
		{59CB5DDF-5428-4AF8-AA3F-0F5B2A0E95D9}.Debug|Any CPU.Build.0 = Debug|Any CPU
		{59CB5DDF-5428-4AF8-AA3F-0F5B2A0E95D9}.Release|Any CPU.ActiveCfg = Release|Any CPU
		{59CB5DDF-5428-4AF8-AA3F-0F5B2A0E95D9}.Release|Any CPU.Build.0 = Release|Any CPU
	EndGlobalSection
	GlobalSection(SolutionProperties) = preSolution
		HideSolutionNode = FALSE
	EndGlobalSection
	GlobalSection(ExtensibilityGlobals) = postSolution
		SolutionGuid = {01E9D0CF-BE56-45C7-9BD5-323A65ABE32F}
	EndGlobalSection
EndGlobal
